<?xml version="1.0" encoding="utf-8"?>
<Project ToolsVersion="4.0" xmlns="http://schemas.microsoft.com/developer/msbuild/2003">
  <ItemGroup>
    <Filter Include="ソース ファイル">
      <UniqueIdentifier>{4FC737F1-C7A5-4376-A066-2A32D752A2FF}</UniqueIdentifier>
      <Extensions>cpp;c;cc;cxx;def;odl;idl;hpj;bat;asm;asmx</Extensions>
    </Filter>
    <Filter Include="リソース ファイル">
      <UniqueIdentifier>{67DA6AB6-F800-4c08-8B7A-83BB121AAD01}</UniqueIdentifier>
      <Extensions>rc;ico;cur;bmp;dlg;rc2;rct;bin;rgs;gif;jpg;jpeg;jpe;resx;tiff;tif;png;wav;mfcribbon-ms</Extensions>
    </Filter>
    <Filter Include="ソース ファイル\System">
      <UniqueIdentifier>{6f040a33-271f-47d9-8f25-1431b06ee3f2}</UniqueIdentifier>
    </Filter>
    <Filter Include="ソース ファイル\Scenes">
      <UniqueIdentifier>{fb515df1-4f8a-4b29-aefa-33ea156f9543}</UniqueIdentifier>
    </Filter>
    <Filter Include="ソース ファイル\System\Fps">
      <UniqueIdentifier>{fe32a3a2-cc7b-4d4b-9d90-233eb83be526}</UniqueIdentifier>
    </Filter>
    <Filter Include="ソース ファイル\System\Input">
      <UniqueIdentifier>{a8a1420c-a333-4825-ac40-c95fe8f3b8f2}</UniqueIdentifier>
    </Filter>
    <Filter Include="ソース ファイル\Object">
      <UniqueIdentifier>{a927dfb0-bc72-4f53-8498-6f1013328155}</UniqueIdentifier>
    </Filter>
    <Filter Include="ソース ファイル\Common">
      <UniqueIdentifier>{7a8ccb5b-35a4-4cf1-93e6-4b10f059fc77}</UniqueIdentifier>
    </Filter>
    <Filter Include="ソース ファイル\Object\Camera">
      <UniqueIdentifier>{e3d7cec7-8102-41b3-b6f4-8a015e81f7fc}</UniqueIdentifier>
    </Filter>
    <Filter Include="ソース ファイル\Scenes\Game">
      <UniqueIdentifier>{64772768-bcb2-4c2a-8f13-936a847f8db6}</UniqueIdentifier>
    </Filter>
    <Filter Include="ソース ファイル\Scenes\Title">
      <UniqueIdentifier>{491e2cda-5b61-42e1-9e88-e641183c36a0}</UniqueIdentifier>
    </Filter>
    <Filter Include="ソース ファイル\Scenes\Select">
      <UniqueIdentifier>{22d3b2ce-4300-4a40-961d-aec42c7b00af}</UniqueIdentifier>
    </Filter>
    <Filter Include="ソース ファイル\Particle">
      <UniqueIdentifier>{bd2d881f-f64c-49ba-9bf6-601550ef44b4}</UniqueIdentifier>
    </Filter>
  </ItemGroup>
  <ItemGroup>
    <ClCompile Include="main.cpp">
      <Filter>ソース ファイル\System</Filter>
    </ClCompile>
    <ClCompile Include="SystemMain.cpp">
      <Filter>ソース ファイル\System</Filter>
    </ClCompile>
    <ClCompile Include="AbstractScene.cpp">
      <Filter>ソース ファイル\System</Filter>
    </ClCompile>
    <ClCompile Include="Looper.cpp">
      <Filter>ソース ファイル\System</Filter>
    </ClCompile>
    <ClCompile Include="CalcUtils.cpp">
      <Filter>ソース ファイル\System\Fps</Filter>
    </ClCompile>
    <ClCompile Include="Fps.cpp">
      <Filter>ソース ファイル\System\Fps</Filter>
    </ClCompile>
    <ClCompile Include="UsersInput.cpp">
      <Filter>ソース ファイル\System\Input</Filter>
    </ClCompile>
    <ClCompile Include="easing.cpp">
      <Filter>ソース ファイル\Common</Filter>
    </ClCompile>
    <ClCompile Include="Camera.cpp">
      <Filter>ソース ファイル\Object\Camera</Filter>
    </ClCompile>
    <ClCompile Include="GameScene.cpp">
      <Filter>ソース ファイル\Scenes\Game</Filter>
    </ClCompile>
    <ClCompile Include="WindowSize.cpp">
      <Filter>ソース ファイル\Common</Filter>
    </ClCompile>
    <ClCompile Include="Parameter.cpp">
      <Filter>ソース ファイル\Scenes</Filter>
    </ClCompile>
    <ClCompile Include="TitleScene.cpp">
      <Filter>ソース ファイル\Scenes\Title</Filter>
    </ClCompile>
    <ClCompile Include="SelectScene.cpp">
      <Filter>ソース ファイル\Scenes\Select</Filter>
    </ClCompile>
    <ClCompile Include="Particle.cpp">
      <Filter>ソース ファイル\Particle</Filter>
    </ClCompile>
    <ClCompile Include="Emitter.cpp">
      <Filter>ソース ファイル\Particle</Filter>
    </ClCompile>
  </ItemGroup>
  <ItemGroup>
    <ClInclude Include="SystemMain.h">
      <Filter>ソース ファイル\System</Filter>
    </ClInclude>
    <ClInclude Include="AbstractScene.h">
      <Filter>ソース ファイル\System</Filter>
    </ClInclude>
    <ClInclude Include="IoChangedListener.h">
      <Filter>ソース ファイル\System</Filter>
    </ClInclude>
    <ClInclude Include="Looper.h">
      <Filter>ソース ファイル\System</Filter>
    </ClInclude>
    <ClInclude Include="CalcUtils.h">
      <Filter>ソース ファイル\System\Fps</Filter>
    </ClInclude>
    <ClInclude Include="Fps.h">
      <Filter>ソース ファイル\System\Fps</Filter>
    </ClInclude>
    <ClInclude Include="Scenes.h">
      <Filter>ソース ファイル\Scenes</Filter>
    </ClInclude>
    <ClInclude Include="UsersInput.h">
      <Filter>ソース ファイル\System\Input</Filter>
    </ClInclude>
    <ClInclude Include="Vector2.h">
      <Filter>ソース ファイル\Common</Filter>
    </ClInclude>
    <ClInclude Include="easing.h">
      <Filter>ソース ファイル\Common</Filter>
    </ClInclude>
    <ClInclude Include="Camera.h">
      <Filter>ソース ファイル\Object\Camera</Filter>
    </ClInclude>
    <ClInclude Include="GameScene.h">
      <Filter>ソース ファイル\Scenes\Game</Filter>
    </ClInclude>
    <ClInclude Include="WindowSize.h">
      <Filter>ソース ファイル\Common</Filter>
    </ClInclude>
    <ClInclude Include="Parameter.h">
      <Filter>ソース ファイル\Scenes</Filter>
    </ClInclude>
    <ClInclude Include="TitleScene.h">
      <Filter>ソース ファイル\Scenes\Title</Filter>
    </ClInclude>
    <ClInclude Include="SelectScene.h">
      <Filter>ソース ファイル\Scenes\Select</Filter>
    </ClInclude>
    <ClInclude Include="Particle.h">
      <Filter>ソース ファイル\Particle</Filter>
    </ClInclude>
    <ClInclude Include="Emitter.h">
      <Filter>ソース ファイル\Particle</Filter>
    </ClInclude>
  </ItemGroup>
</Project>